// !$*UTF8*$!
{
	archiveVersion = 1;
	classes = {
	};
	objectVersion = 48;
	objects = {

/* Begin PBXBuildFile section */
		543655861FB183540083D73C /* SettingsViewController.swift in Sources */ = {isa = PBXBuildFile; fileRef = 543655851FB183540083D73C /* SettingsViewController.swift */; };
		543655881FB183670083D73C /* Setting.swift in Sources */ = {isa = PBXBuildFile; fileRef = 543655871FB183670083D73C /* Setting.swift */; };
		549DC1B71FB17CDE004B918C /* AppDelegate.swift in Sources */ = {isa = PBXBuildFile; fileRef = 549DC1B61FB17CDE004B918C /* AppDelegate.swift */; };
		549DC1B91FB17CDE004B918C /* ViewController.swift in Sources */ = {isa = PBXBuildFile; fileRef = 549DC1B81FB17CDE004B918C /* ViewController.swift */; };
		549DC1BC1FB17CDE004B918C /* Main.storyboard in Resources */ = {isa = PBXBuildFile; fileRef = 549DC1BA1FB17CDE004B918C /* Main.storyboard */; };
		549DC1BE1FB17CDE004B918C /* Assets.xcassets in Resources */ = {isa = PBXBuildFile; fileRef = 549DC1BD1FB17CDE004B918C /* Assets.xcassets */; };
		549DC1C11FB17CDE004B918C /* LaunchScreen.storyboard in Resources */ = {isa = PBXBuildFile; fileRef = 549DC1BF1FB17CDE004B918C /* LaunchScreen.storyboard */; };
		549DC1C91FB17ED1004B918C /* Song.swift in Sources */ = {isa = PBXBuildFile; fileRef = 549DC1C81FB17ED1004B918C /* Song.swift */; };
/* End PBXBuildFile section */

/* Begin PBXFileReference section */
		543655851FB183540083D73C /* SettingsViewController.swift */ = {isa = PBXFileReference; lastKnownFileType = sourcecode.swift; path = SettingsViewController.swift; sourceTree = "<group>"; };
		543655871FB183670083D73C /* Setting.swift */ = {isa = PBXFileReference; lastKnownFileType = sourcecode.swift; path = Setting.swift; sourceTree = "<group>"; };
		549DC1B31FB17CDE004B918C /* LifecycleControls.app */ = {isa = PBXFileReference; explicitFileType = wrapper.application; includeInIndex = 0; path = LifecycleControls.app; sourceTree = BUILT_PRODUCTS_DIR; };
		549DC1B61FB17CDE004B918C /* AppDelegate.swift */ = {isa = PBXFileReference; lastKnownFileType = sourcecode.swift; path = AppDelegate.swift; sourceTree = "<group>"; };
		549DC1B81FB17CDE004B918C /* ViewController.swift */ = {isa = PBXFileReference; lastKnownFileType = sourcecode.swift; path = ViewController.swift; sourceTree = "<group>"; };
		549DC1BB1FB17CDE004B918C /* Base */ = {isa = PBXFileReference; lastKnownFileType = file.storyboard; name = Base; path = Base.lproj/Main.storyboard; sourceTree = "<group>"; };
		549DC1BD1FB17CDE004B918C /* Assets.xcassets */ = {isa = PBXFileReference; lastKnownFileType = folder.assetcatalog; path = Assets.xcassets; sourceTree = "<group>"; };
		549DC1C01FB17CDE004B918C /* Base */ = {isa = PBXFileReference; lastKnownFileType = file.storyboard; name = Base; path = Base.lproj/LaunchScreen.storyboard; sourceTree = "<group>"; };
		549DC1C21FB17CDE004B918C /* Info.plist */ = {isa = PBXFileReference; lastKnownFileType = text.plist.xml; path = Info.plist; sourceTree = "<group>"; };
		549DC1C81FB17ED1004B918C /* Song.swift */ = {isa = PBXFileReference; lastKnownFileType = sourcecode.swift; path = Song.swift; sourceTree = "<group>"; };
/* End PBXFileReference section */

/* Begin PBXFrameworksBuildPhase section */
		549DC1B01FB17CDE004B918C /* Frameworks */ = {
			isa = PBXFrameworksBuildPhase;
			buildActionMask = 2147483647;
			files = (
			);
			runOnlyForDeploymentPostprocessing = 0;
		};
/* End PBXFrameworksBuildPhase section */

/* Begin PBXGroup section */
		549DC1AA1FB17CDE004B918C = {
			isa = PBXGroup;
			children = (
				549DC1B51FB17CDE004B918C /* LifecycleControls */,
				549DC1B41FB17CDE004B918C /* Products */,
			);
			sourceTree = "<group>";
		};
		549DC1B41FB17CDE004B918C /* Products */ = {
			isa = PBXGroup;
			children = (
				549DC1B31FB17CDE004B918C /* LifecycleControls.app */,
			);
			name = Products;
			sourceTree = "<group>";
		};
		549DC1B51FB17CDE004B918C /* LifecycleControls */ = {
			isa = PBXGroup;
			children = (
				549DC1B61FB17CDE004B918C /* AppDelegate.swift */,
				549DC1B81FB17CDE004B918C /* ViewController.swift */,
				543655851FB183540083D73C /* SettingsViewController.swift */,
				543655871FB183670083D73C /* Setting.swift */,
				549DC1BA1FB17CDE004B918C /* Main.storyboard */,
				549DC1C81FB17ED1004B918C /* Song.swift */,
				549DC1BD1FB17CDE004B918C /* Assets.xcassets */,
				549DC1BF1FB17CDE004B918C /* LaunchScreen.storyboard */,
				549DC1C21FB17CDE004B918C /* Info.plist */,
			);
			path = LifecycleControls;
			sourceTree = "<group>";
		};
/* End PBXGroup section */

/* Begin PBXNativeTarget section */
		549DC1B21FB17CDE004B918C /* LifecycleControls */ = {
			isa = PBXNativeTarget;
			buildConfigurationList = 549DC1C51FB17CDE004B918C /* Build configuration list for PBXNativeTarget "LifecycleControls" */;
			buildPhases = (
				549DC1AF1FB17CDE004B918C /* Sources */,
				549DC1B01FB17CDE004B918C /* Frameworks */,
				549DC1B11FB17CDE004B918C /* Resources */,
			);
			buildRules = (
			);
			dependencies = (
			);
			name = LifecycleControls;
			productName = LifecycleControls;
			productReference = 549DC1B31FB17CDE004B918C /* LifecycleControls.app */;
			productType = "com.apple.product-type.application";
		};
/* End PBXNativeTarget section */

/* Begin PBXProject section */
		549DC1AB1FB17CDE004B918C /* Project object */ = {
			isa = PBXProject;
			attributes = {
				LastSwiftUpdateCheck = 0900;
				LastUpgradeCheck = 0900;
				ORGANIZATIONNAME = "C4Q ";
				TargetAttributes = {
					549DC1B21FB17CDE004B918C = {
						CreatedOnToolsVersion = 9.0;
						ProvisioningStyle = Automatic;
					};
				};
			};
			buildConfigurationList = 549DC1AE1FB17CDE004B918C /* Build configuration list for PBXProject "LifecycleControls" */;
			compatibilityVersion = "Xcode 8.0";
			developmentRegion = en;
			hasScannedForEncodings = 0;
			knownRegions = (
				en,
				Base,
			);
			mainGroup = 549DC1AA1FB17CDE004B918C;
			productRefGroup = 549DC1B41FB17CDE004B918C /* Products */;
			projectDirPath = "";
			projectRoot = "";
			targets = (
				549DC1B21FB17CDE004B918C /* LifecycleControls */,
			);
		};
/* End PBXProject section */

/* Begin PBXResourcesBuildPhase section */
		549DC1B11FB17CDE004B918C /* Resources */ = {
			isa = PBXResourcesBuildPhase;
			buildActionMask = 2147483647;
			files = (
				549DC1C11FB17CDE004B918C /* LaunchScreen.storyboard in Resources */,
				549DC1BE1FB17CDE004B918C /* Assets.xcassets in Resources */,
				549DC1BC1FB17CDE004B918C /* Main.storyboard in Resources */,
			);
			runOnlyForDeploymentPostprocessing = 0;
		};
/* End PBXResourcesBuildPhase section */

/* Begin PBXSourcesBuildPhase section */
		549DC1AF1FB17CDE004B918C /* Sources */ = {
			isa = PBXSourcesBuildPhase;
			buildActionMask = 2147483647;
			files = (
				543655881FB183670083D73C /* Setting.swift in Sources */,
				549DC1C91FB17ED1004B918C /* Song.swift in Sources */,
				549DC1B91FB17CDE004B918C /* ViewController.swift in Sources */,
				549DC1B71FB17CDE004B918C /* AppDelegate.swift in Sources */,
				543655861FB183540083D73C /* SettingsViewController.swift in Sources */,
			);
			runOnlyForDeploymentPostprocessing = 0;
		};
/* End PBXSourcesBuildPhase section */

/* Begin PBXVariantGroup section */
		549DC1BA1FB17CDE004B918C /* Main.storyboard */ = {
			isa = PBXVariantGroup;
			children = (
				549DC1BB1FB17CDE004B918C /* Base */,
			);
			name = Main.storyboard;
			sourceTree = "<group>";
		};
		549DC1BF1FB17CDE004B918C /* LaunchScreen.storyboard */ = {
			isa = PBXVariantGroup;
			children = (
				549DC1C01FB17CDE004B918C /* Base */,
			);
			name = LaunchScreen.storyboard;
			sourceTree = "<group>";
		};
/* End PBXVariantGroup section */

/* Begin XCBuildConfiguration section */
		549DC1C31FB17CDE004B918C /* Debug */ = {
			isa = XCBuildConfiguration;
			buildSettings = {
				ALWAYS_SEARCH_USER_PATHS = NO;
				CLANG_ANALYZER_NONNULL = YES;
				CLANG_ANALYZER_NUMBER_OBJECT_CONVERSION = YES_AGGRESSIVE;
				CLANG_CXX_LANGUAGE_STANDARD = "gnu++14";
				CLANG_CXX_LIBRARY = "libc++";
				CLANG_ENABLE_MODULES = YES;
				CLANG_ENABLE_OBJC_ARC = YES;
				CLANG_WARN_BLOCK_CAPTURE_AUTORELEASING = YES;
				CLANG_WARN_BOOL_CONVERSION = YES;
				CLANG_WARN_COMMA = YES;
				CLANG_WARN_CONSTANT_CONVERSION = YES;
				CLANG_WARN_DIRECT_OBJC_ISA_USAGE = YES_ERROR;
				CLANG_WARN_DOCUMENTATION_COMMENTS = YES;
				CLANG_WARN_EMPTY_BODY = YES;
				CLANG_WARN_ENUM_CONVERSION = YES;
				CLANG_WARN_INFINITE_RECURSION = YES;
				CLANG_WARN_INT_CONVERSION = YES;
				CLANG_WARN_NON_LITERAL_NULL_CONVERSION = YES;
				CLANG_WARN_OBJC_LITERAL_CONVERSION = YES;
				CLANG_WARN_OBJC_ROOT_CLASS = YES_ERROR;
				CLANG_WARN_RANGE_LOOP_ANALYSIS = YES;
				CLANG_WARN_STRICT_PROTOTYPES = YES;
				CLANG_WARN_SUSPICIOUS_MOVE = YES;
				CLANG_WARN_UNGUARDED_AVAILABILITY = YES_AGGRESSIVE;
				CLANG_WARN_UNREACHABLE_CODE = YES;
				CLANG_WARN__DUPLICATE_METHOD_MATCH = YES;
				CODE_SIGN_IDENTITY = "iPhone Developer";
				COPY_PHASE_STRIP = NO;
				DEBUG_INFORMATION_FORMAT = dwarf;
				ENABLE_STRICT_OBJC_MSGSEND = YES;
				ENABLE_TESTABILITY = YES;
				GCC_C_LANGUAGE_STANDARD = gnu11;
				GCC_DYNAMIC_NO_PIC = NO;
				GCC_NO_COMMON_BLOCKS = YES;
				GCC_OPTIMIZATION_LEVEL = 0;
				GCC_PREPROCESSOR_DEFINITIONS = (
					"DEBUG=1",
					"$(inherited)",
				);
				GCC_WARN_64_TO_32_BIT_CONVERSION = YES;
				GCC_WARN_ABOUT_RETURN_TYPE = YES_ERROR;
				GCC_WARN_UNDECLARED_SELECTOR = YES;
				GCC_WARN_UNINITIALIZED_AUTOS = YES_AGGRESSIVE;
				GCC_WARN_UNUSED_FUNCTION = YES;
				GCC_WARN_UNUSED_VARIABLE = YES;
				IPHONEOS_DEPLOYMENT_TARGET = 11.0;
				MTL_ENABLE_DEBUG_INFO = YES;
				ONLY_ACTIVE_ARCH = YES;
				SDKROOT = iphoneos;
				SWIFT_ACTIVE_COMPILATION_CONDITIONS = DEBUG;
				SWIFT_OPTIMIZATION_LEVEL = "-Onone";
			};
			name = Debug;
		};
		549DC1C41FB17CDE004B918C /* Release */ = {
			isa = XCBuildConfiguration;
			buildSettings = {
				ALWAYS_SEARCH_USER_PATHS = NO;
				CLANG_ANALYZER_NONNULL = YES;
				CLANG_ANALYZER_NUMBER_OBJECT_CONVERSION = YES_AGGRESSIVE;
				CLANG_CXX_LANGUAGE_STANDARD = "gnu++14";
				CLANG_CXX_LIBRARY = "libc++";
				CLANG_ENABLE_MODULES = YES;
				CLANG_ENABLE_OBJC_ARC = YES;
				CLANG_WARN_BLOCK_CAPTURE_AUTORELEASING = YES;
				CLANG_WARN_BOOL_CONVERSION = YES;
				CLANG_WARN_COMMA = YES;
				CLANG_WARN_CONSTANT_CONVERSION = YES;
				CLANG_WARN_DIRECT_OBJC_ISA_USAGE = YES_ERROR;
				CLANG_WARN_DOCUMENTATION_COMMENTS = YES;
				CLANG_WARN_EMPTY_BODY = YES;
				CLANG_WARN_ENUM_CONVERSION = YES;
				CLANG_WARN_INFINITE_RECURSION = YES;
				CLANG_WARN_INT_CONVERSION = YES;
				CLANG_WARN_NON_LITERAL_NULL_CONVERSION = YES;
				CLANG_WARN_OBJC_LITERAL_CONVERSION = YES;
				CLANG_WARN_OBJC_ROOT_CLASS = YES_ERROR;
				CLANG_WARN_RANGE_LOOP_ANALYSIS = YES;
				CLANG_WARN_STRICT_PROTOTYPES = YES;
				CLANG_WARN_SUSPICIOUS_MOVE = YES;
				CLANG_WARN_UNGUARDED_AVAILABILITY = YES_AGGRESSIVE;
				CLANG_WARN_UNREACHABLE_CODE = YES;
				CLANG_WARN__DUPLICATE_METHOD_MATCH = YES;
				CODE_SIGN_IDENTITY = "iPhone Developer";
				COPY_PHASE_STRIP = NO;
				DEBUG_INFORMATION_FORMAT = "dwarf-with-dsym";
				ENABLE_NS_ASSERTIONS = NO;
				ENABLE_STRICT_OBJC_MSGSEND = YES;
				GCC_C_LANGUAGE_STANDARD = gnu11;
				GCC_NO_COMMON_BLOCKS = YES;
				GCC_WARN_64_TO_32_BIT_CONVERSION = YES;
				GCC_WARN_ABOUT_RETURN_TYPE = YES_ERROR;
				GCC_WARN_UNDECLARED_SELECTOR = YES;
				GCC_WARN_UNINITIALIZED_AUTOS = YES_AGGRESSIVE;
				GCC_WARN_UNUSED_FUNCTION = YES;
				GCC_WARN_UNUSED_VARIABLE = YES;
				IPHONEOS_DEPLOYMENT_TARGET = 11.0;
				MTL_ENABLE_DEBUG_INFO = NO;
				SDKROOT = iphoneos;
				SWIFT_OPTIMIZATION_LEVEL = "-Owholemodule";
				VALIDATE_PRODUCT = YES;
			};
			name = Release;
		};
		549DC1C61FB17CDE004B918C /* Debug */ = {
			isa = XCBuildConfiguration;
			buildSettings = {
				ASSETCATALOG_COMPILER_APPICON_NAME = AppIcon;
				CODE_SIGN_STYLE = Automatic;
				INFOPLIST_FILE = LifecycleControls/Info.plist;
				LD_RUNPATH_SEARCH_PATHS = "$(inherited) @executable_path/Frameworks";
				PRODUCT_BUNDLE_IDENTIFIER = c4q.LifecycleControls;
				PRODUCT_NAME = "$(TARGET_NAME)";
				SWIFT_VERSION = 4.0;
				TARGETED_DEVICE_FAMILY = "1,2";
			};
			name = Debug;
		};
		549DC1C71FB17CDE004B918C /* Release */ = {
			isa = XCBuildConfiguration;
			buildSettings = {
				ASSETCATALOG_COMPILER_APPICON_NAME = AppIcon;
				CODE_SIGN_STYLE = Automatic;
				INFOPLIST_FILE = LifecycleControls/Info.plist;
				LD_RUNPATH_SEARCH_PATHS = "$(inherited) @executable_path/Frameworks";
				PRODUCT_BUNDLE_IDENTIFIER = c4q.LifecycleControls;
				PRODUCT_NAME = "$(TARGET_NAME)";
				SWIFT_VERSION = 4.0;
				TARGETED_DEVICE_FAMILY = "1,2";
			};
			name = Release;
		};
/* End XCBuildConfiguration section */

/* Begin XCConfigurationList section */
		549DC1AE1FB17CDE004B918C /* Build configuration list for PBXProject "LifecycleControls" */ = {
			isa = XCConfigurationList;
			buildConfigurations = (
				549DC1C31FB17CDE004B918C /* Debug */,
				549DC1C41FB17CDE004B918C /* Release */,
			);
			defaultConfigurationIsVisible = 0;
			defaultConfigurationName = Release;
		};
		549DC1C51FB17CDE004B918C /* Build configuration list for PBXNativeTarget "LifecycleControls" */ = {
			isa = XCConfigurationList;
			buildConfigurations = (
				549DC1C61FB17CDE004B918C /* Debug */,
				549DC1C71FB17CDE004B918C /* Release */,
			);
			defaultConfigurationIsVisible = 0;
			defaultConfigurationName = Release;
		};
/* End XCConfigurationList section */
	};
	rootObject = 549DC1AB1FB17CDE004B918C /* Project object */;
}
